# THIS IS AN AUTOGENERATED FILE. DO NOT EDIT THIS FILE DIRECTLY.
# yarn lockfile v1


"@types/node@^18.11.18":
  version "18.11.18"
  resolved "https://registry.yarnpkg.com/@types/node/-/node-18.11.18.tgz#8dfb97f0da23c2293e554c5a50d61ef134d7697f"
  integrity sha512-DHQpWGjyQKSHj3ebjFI/wRKcqQcdR+MoFBygntYOZytCqNfkd2ZC4ARDJ2DQqhjH5p85Nnd3jhUJIXrszFX/JA==

delay@^5.0.0:
  version "5.0.0"
  resolved "https://registry.yarnpkg.com/delay/-/delay-5.0.0.tgz#137045ef1b96e5071060dd5be60bf9334436bd1d"
  integrity sha512-ReEBKkIfe4ya47wlPYf/gu5ib6yUG0/Aez0JQZQz94kiWtRQvZIQbTiehsnwHvLSWJnQdhVeqYue7Id1dKr0qw==

json-canonicalize@^1.0.4:
  version "1.0.4"
  resolved "https://registry.yarnpkg.com/json-canonicalize/-/json-canonicalize-1.0.4.tgz#efb2d0b07df12365e39028aa70f879237ec102ea"
  integrity sha512-YNr/ePzgReHwlnAm3EVV1pcimwesI+1DZr5v7WBKOc1zE1t7pjxWAPRxJFT3ll6flLIdRe0DPia/8cl2FLAZNA==
